// !$*UTF8*$!
{
	archiveVersion = 1;
	classes = {
	};
	objectVersion = 46;
	objects = {

/* Begin PBXBuildFile section */
		7593B1DF14A5298800034C96 /* CoreServices.framework in Frameworks */ = {isa = PBXBuildFile; fileRef = 7593B1DE14A5298800034C96 /* CoreServices.framework */; };
		7593B1E114A5298800034C96 /* CoreFoundation.framework in Frameworks */ = {isa = PBXBuildFile; fileRef = 7593B1E014A5298800034C96 /* CoreFoundation.framework */; };
		7593B1E314A5298800034C96 /* CoreData.framework in Frameworks */ = {isa = PBXBuildFile; fileRef = 7593B1E214A5298800034C96 /* CoreData.framework */; };
		7593B1E514A5298800034C96 /* Foundation.framework in Frameworks */ = {isa = PBXBuildFile; fileRef = 7593B1E414A5298800034C96 /* Foundation.framework */; };
		75D65F0514A66C1800B623E3 /* Cocoa.framework in Frameworks */ = {isa = PBXBuildFile; fileRef = 75D65F0414A66C1800B623E3 /* Cocoa.framework */; };
		75D65F0F14A66C1800B623E3 /* InfoPlist.strings in Resources */ = {isa = PBXBuildFile; fileRef = 75D65F0D14A66C1800B623E3 /* InfoPlist.strings */; };
		75D65F1514A66C1800B623E3 /* Credits.rtf in Resources */ = {isa = PBXBuildFile; fileRef = 75D65F1314A66C1800B623E3 /* Credits.rtf */; };
		75D65F1814A66C1800B623E3 /* AppDelegate.m in Sources */ = {isa = PBXBuildFile; fileRef = 75D65F1714A66C1800B623E3 /* AppDelegate.m */; };
		75D65F1B14A66C1800B623E3 /* MainMenu.xib in Resources */ = {isa = PBXBuildFile; fileRef = 75D65F1914A66C1800B623E3 /* MainMenu.xib */; };
		75E02D3E14ABA19700EF652B /* InfoPlist.strings in Resources */ = {isa = PBXBuildFile; fileRef = 75E02D2B14ABA19700EF652B /* InfoPlist.strings */; };
		75E02D3F14ABA19700EF652B /* schema.strings in Resources */ = {isa = PBXBuildFile; fileRef = 75E02D2D14ABA19700EF652B /* schema.strings */; };
		75E02D4014ABA19700EF652B /* extract.m in Sources */ = {isa = PBXBuildFile; fileRef = 75E02D3014ABA19700EF652B /* extract.m */; };
		75E02D4214ABA19700EF652B /* GetMetadataForFile.m in Sources */ = {isa = PBXBuildFile; fileRef = 75E02D3314ABA19700EF652B /* GetMetadataForFile.m */; };
		75E02D4414ABA19700EF652B /* main.c in Sources */ = {isa = PBXBuildFile; fileRef = 75E02D3514ABA19700EF652B /* main.c */; };
		75E02D4614ABA19700EF652B /* pms.m in Sources */ = {isa = PBXBuildFile; fileRef = 75E02D3914ABA19700EF652B /* pms.m */; };
		75E02D4714ABA19700EF652B /* schema.xml in Resources */ = {isa = PBXBuildFile; fileRef = 75E02D3A14ABA19700EF652B /* schema.xml */; };
		75E02D4914ABA19700EF652B /* test.m in Sources */ = {isa = PBXBuildFile; fileRef = 75E02D3D14ABA19700EF652B /* test.m */; };
/* End PBXBuildFile section */

/* Begin PBXFileReference section */
		7593B1DB14A5298800034C96 /* FactorSpotlight.mdimporter */ = {isa = PBXFileReference; explicitFileType = wrapper.cfbundle; includeInIndex = 0; path = FactorSpotlight.mdimporter; sourceTree = BUILT_PRODUCTS_DIR; };
		7593B1DE14A5298800034C96 /* CoreServices.framework */ = {isa = PBXFileReference; lastKnownFileType = wrapper.framework; name = CoreServices.framework; path = System/Library/Frameworks/CoreServices.framework; sourceTree = SDKROOT; };
		7593B1E014A5298800034C96 /* CoreFoundation.framework */ = {isa = PBXFileReference; lastKnownFileType = wrapper.framework; name = CoreFoundation.framework; path = System/Library/Frameworks/CoreFoundation.framework; sourceTree = SDKROOT; };
		7593B1E214A5298800034C96 /* CoreData.framework */ = {isa = PBXFileReference; lastKnownFileType = wrapper.framework; name = CoreData.framework; path = System/Library/Frameworks/CoreData.framework; sourceTree = SDKROOT; };
		7593B1E414A5298800034C96 /* Foundation.framework */ = {isa = PBXFileReference; lastKnownFileType = wrapper.framework; name = Foundation.framework; path = System/Library/Frameworks/Foundation.framework; sourceTree = SDKROOT; };
		75D65F0214A66C1800B623E3 /* FactorFinder.app */ = {isa = PBXFileReference; explicitFileType = wrapper.application; includeInIndex = 0; path = FactorFinder.app; sourceTree = BUILT_PRODUCTS_DIR; };
		75D65F0414A66C1800B623E3 /* Cocoa.framework */ = {isa = PBXFileReference; lastKnownFileType = wrapper.framework; name = Cocoa.framework; path = System/Library/Frameworks/Cocoa.framework; sourceTree = SDKROOT; };
		75D65F0714A66C1800B623E3 /* AppKit.framework */ = {isa = PBXFileReference; lastKnownFileType = wrapper.framework; name = AppKit.framework; path = System/Library/Frameworks/AppKit.framework; sourceTree = SDKROOT; };
		75D65F0814A66C1800B623E3 /* CoreData.framework */ = {isa = PBXFileReference; lastKnownFileType = wrapper.framework; name = CoreData.framework; path = System/Library/Frameworks/CoreData.framework; sourceTree = SDKROOT; };
		75D65F0914A66C1800B623E3 /* Foundation.framework */ = {isa = PBXFileReference; lastKnownFileType = wrapper.framework; name = Foundation.framework; path = System/Library/Frameworks/Foundation.framework; sourceTree = SDKROOT; };
		75D65F0C14A66C1800B623E3 /* FactorFinder-Info.plist */ = {isa = PBXFileReference; lastKnownFileType = text.plist.xml; path = "FactorFinder-Info.plist"; sourceTree = "<group>"; };
		75D65F0E14A66C1800B623E3 /* en */ = {isa = PBXFileReference; lastKnownFileType = text.plist.strings; name = en; path = en.lproj/InfoPlist.strings; sourceTree = "<group>"; };
		75D65F1014A66C1800B623E3 /* main.m */ = {isa = PBXFileReference; lastKnownFileType = sourcecode.c.objc; path = main.m; sourceTree = "<group>"; };
		75D65F1214A66C1800B623E3 /* FactorFinder-Prefix.pch */ = {isa = PBXFileReference; lastKnownFileType = sourcecode.c.h; path = "FactorFinder-Prefix.pch"; sourceTree = "<group>"; };
		75D65F1414A66C1800B623E3 /* en */ = {isa = PBXFileReference; lastKnownFileType = text.rtf; name = en; path = en.lproj/Credits.rtf; sourceTree = "<group>"; };
		75D65F1614A66C1800B623E3 /* AppDelegate.h */ = {isa = PBXFileReference; lastKnownFileType = sourcecode.c.h; path = AppDelegate.h; sourceTree = "<group>"; };
		75D65F1714A66C1800B623E3 /* AppDelegate.m */ = {isa = PBXFileReference; lastKnownFileType = sourcecode.c.objc; path = AppDelegate.m; sourceTree = "<group>"; };
		75D65F1A14A66C1800B623E3 /* en */ = {isa = PBXFileReference; lastKnownFileType = file.xib; name = en; path = en.lproj/MainMenu.xib; sourceTree = "<group>"; };
		75E02D2C14ABA19700EF652B /* en */ = {isa = PBXFileReference; lastKnownFileType = text.plist.strings; name = en; path = en.lproj/InfoPlist.strings; sourceTree = "<group>"; };
		75E02D2E14ABA19700EF652B /* en */ = {isa = PBXFileReference; lastKnownFileType = text.plist.strings; name = en; path = en.lproj/schema.strings; sourceTree = "<group>"; };
		75E02D2F14ABA19700EF652B /* extract.h */ = {isa = PBXFileReference; fileEncoding = 4; lastKnownFileType = sourcecode.c.h; path = extract.h; sourceTree = "<group>"; };
		75E02D3014ABA19700EF652B /* extract.m */ = {isa = PBXFileReference; fileEncoding = 4; lastKnownFileType = sourcecode.c.objc; path = extract.m; sourceTree = "<group>"; };
		75E02D3114ABA19700EF652B /* FactorImporter-Prefix.pch */ = {isa = PBXFileReference; fileEncoding = 4; lastKnownFileType = sourcecode.c.h; path = "FactorImporter-Prefix.pch"; sourceTree = "<group>"; };
		75E02D3214ABA19700EF652B /* FactorSpotlight-Info.plist */ = {isa = PBXFileReference; fileEncoding = 4; lastKnownFileType = text.plist.xml; path = "FactorSpotlight-Info.plist"; sourceTree = "<group>"; };
		75E02D3314ABA19700EF652B /* GetMetadataForFile.m */ = {isa = PBXFileReference; fileEncoding = 4; lastKnownFileType = sourcecode.c.objc; path = GetMetadataForFile.m; sourceTree = "<group>"; };
		75E02D3414ABA19700EF652B /* Importer Read Me.txt */ = {isa = PBXFileReference; fileEncoding = 4; lastKnownFileType = text; path = "Importer Read Me.txt"; sourceTree = "<group>"; };
		75E02D3514ABA19700EF652B /* main.c */ = {isa = PBXFileReference; fileEncoding = 4; lastKnownFileType = sourcecode.c.c; path = main.c; sourceTree = "<group>"; };
		75E02D3614ABA19700EF652B /* MySpotlightImporter.h */ = {isa = PBXFileReference; fileEncoding = 4; lastKnownFileType = sourcecode.c.h; path = MySpotlightImporter.h; sourceTree = "<group>"; };
		75E02D3714ABA19700EF652B /* MySpotlightImporter.m */ = {isa = PBXFileReference; fileEncoding = 4; lastKnownFileType = sourcecode.c.objc; path = MySpotlightImporter.m; sourceTree = "<group>"; };
		75E02D3814ABA19700EF652B /* pms.h */ = {isa = PBXFileReference; fileEncoding = 4; lastKnownFileType = sourcecode.c.h; path = pms.h; sourceTree = "<group>"; };
		75E02D3914ABA19700EF652B /* pms.m */ = {isa = PBXFileReference; fileEncoding = 4; lastKnownFileType = sourcecode.c.objc; path = pms.m; sourceTree = "<group>"; };
		75E02D3A14ABA19700EF652B /* schema.xml */ = {isa = PBXFileReference; fileEncoding = 4; lastKnownFileType = text.xml; path = schema.xml; sourceTree = "<group>"; };
		75E02D3B14ABA19700EF652B /* test.factor */ = {isa = PBXFileReference; fileEncoding = 4; lastKnownFileType = text; path = test.factor; sourceTree = "<group>"; };
		75E02D3C14ABA19700EF652B /* test.h */ = {isa = PBXFileReference; fileEncoding = 4; lastKnownFileType = sourcecode.c.h; path = test.h; sourceTree = "<group>"; };
		75E02D3D14ABA19700EF652B /* test.m */ = {isa = PBXFileReference; fileEncoding = 4; lastKnownFileType = sourcecode.c.objc; path = test.m; sourceTree = "<group>"; };
/* End PBXFileReference section */

/* Begin PBXFrameworksBuildPhase section */
		7593B1D814A5298800034C96 /* Frameworks */ = {
			isa = PBXFrameworksBuildPhase;
			buildActionMask = 2147483647;
			files = (
				7593B1DF14A5298800034C96 /* CoreServices.framework in Frameworks */,
				7593B1E114A5298800034C96 /* CoreFoundation.framework in Frameworks */,
				7593B1E314A5298800034C96 /* CoreData.framework in Frameworks */,
				7593B1E514A5298800034C96 /* Foundation.framework in Frameworks */,
			);
			runOnlyForDeploymentPostprocessing = 0;
		};
		75D65EFF14A66C1800B623E3 /* Frameworks */ = {
			isa = PBXFrameworksBuildPhase;
			buildActionMask = 2147483647;
			files = (
				75D65F0514A66C1800B623E3 /* Cocoa.framework in Frameworks */,
			);
			runOnlyForDeploymentPostprocessing = 0;
		};
/* End PBXFrameworksBuildPhase section */

/* Begin PBXGroup section */
		7593B1D014A5298800034C96 = {
			isa = PBXGroup;
			children = (
				75E02D2A14ABA19700EF652B /* FactorSpotlight */,
				75D65F0A14A66C1800B623E3 /* FactorFinderApp */,
				7593B1DD14A5298800034C96 /* Frameworks */,
				7593B1DC14A5298800034C96 /* Products */,
			);
			sourceTree = "<group>";
		};
		7593B1DC14A5298800034C96 /* Products */ = {
			isa = PBXGroup;
			children = (
				7593B1DB14A5298800034C96 /* FactorSpotlight.mdimporter */,
				75D65F0214A66C1800B623E3 /* FactorFinder.app */,
			);
			name = Products;
			sourceTree = "<group>";
		};
		7593B1DD14A5298800034C96 /* Frameworks */ = {
			isa = PBXGroup;
			children = (
				7593B1DE14A5298800034C96 /* CoreServices.framework */,
				7593B1E014A5298800034C96 /* CoreFoundation.framework */,
				7593B1E214A5298800034C96 /* CoreData.framework */,
				7593B1E414A5298800034C96 /* Foundation.framework */,
				75D65F0414A66C1800B623E3 /* Cocoa.framework */,
				75D65F0614A66C1800B623E3 /* Other Frameworks */,
			);
			name = Frameworks;
			sourceTree = "<group>";
		};
		75D65F0614A66C1800B623E3 /* Other Frameworks */ = {
			isa = PBXGroup;
			children = (
				75D65F0714A66C1800B623E3 /* AppKit.framework */,
				75D65F0814A66C1800B623E3 /* CoreData.framework */,
				75D65F0914A66C1800B623E3 /* Foundation.framework */,
			);
			name = "Other Frameworks";
			sourceTree = "<group>";
		};
		75D65F0A14A66C1800B623E3 /* FactorFinderApp */ = {
			isa = PBXGroup;
			children = (
				75D65F1614A66C1800B623E3 /* AppDelegate.h */,
				75D65F1714A66C1800B623E3 /* AppDelegate.m */,
				75D65F1914A66C1800B623E3 /* MainMenu.xib */,
				75D65F0B14A66C1800B623E3 /* Supporting Files */,
			);
			name = FactorFinderApp;
			path = /Sources/Projects/factor/FactorFinder/FactorFinderApp;
			sourceTree = "<absolute>";
		};
		75D65F0B14A66C1800B623E3 /* Supporting Files */ = {
			isa = PBXGroup;
			children = (
				75D65F0C14A66C1800B623E3 /* FactorFinder-Info.plist */,
				75D65F0D14A66C1800B623E3 /* InfoPlist.strings */,
				75D65F1014A66C1800B623E3 /* main.m */,
				75D65F1214A66C1800B623E3 /* FactorFinder-Prefix.pch */,
				75D65F1314A66C1800B623E3 /* Credits.rtf */,
			);
			name = "Supporting Files";
			sourceTree = "<group>";
		};
		75E02D2A14ABA19700EF652B /* FactorSpotlight */ = {
			isa = PBXGroup;
			children = (
				75E02D4A14ABA21E00EF652B /* Resources */,
				75E02D4B14ABA23B00EF652B /* Support */,
				75E02D2F14ABA19700EF652B /* extract.h */,
				75E02D3014ABA19700EF652B /* extract.m */,
				75E02D3314ABA19700EF652B /* GetMetadataForFile.m */,
				75E02D3614ABA19700EF652B /* MySpotlightImporter.h */,
				75E02D3714ABA19700EF652B /* MySpotlightImporter.m */,
				75E02D3814ABA19700EF652B /* pms.h */,
				75E02D3914ABA19700EF652B /* pms.m */,
				75E02D3C14ABA19700EF652B /* test.h */,
				75E02D3D14ABA19700EF652B /* test.m */,
				75E02D3514ABA19700EF652B /* main.c */,
			);
			path = FactorSpotlight;
			sourceTree = "<group>";
		};
		75E02D4A14ABA21E00EF652B /* Resources */ = {
			isa = PBXGroup;
			children = (
				75E02D2B14ABA19700EF652B /* InfoPlist.strings */,
				75E02D2D14ABA19700EF652B /* schema.strings */,
				75E02D3A14ABA19700EF652B /* schema.xml */,
			);
			name = Resources;
			sourceTree = "<group>";
		};
		75E02D4B14ABA23B00EF652B /* Support */ = {
			isa = PBXGroup;
			children = (
				75E02D3114ABA19700EF652B /* FactorImporter-Prefix.pch */,
				75E02D3214ABA19700EF652B /* FactorSpotlight-Info.plist */,
				75E02D3414ABA19700EF652B /* Importer Read Me.txt */,
				75E02D3B14ABA19700EF652B /* test.factor */,
			);
			name = Support;
			sourceTree = "<group>";
		};
/* End PBXGroup section */

/* Begin PBXNativeTarget section */
		7593B1DA14A5298800034C96 /* FactorSpotlight */ = {
			isa = PBXNativeTarget;
			buildConfigurationList = 7593B1F714A5298800034C96 /* Build configuration list for PBXNativeTarget "FactorSpotlight" */;
			buildPhases = (
				7593B1D714A5298800034C96 /* Sources */,
				7593B1D814A5298800034C96 /* Frameworks */,
				7593B1D914A5298800034C96 /* Resources */,
				751BBCB214AA99E9007CBEAB /* ShellScript */,
			);
			buildRules = (
			);
			dependencies = (
			);
			name = FactorSpotlight;
			productName = FactorFinder;
			productReference = 7593B1DB14A5298800034C96 /* FactorSpotlight.mdimporter */;
			productType = "com.apple.product-type.bundle";
		};
		75D65F0114A66C1800B623E3 /* FactorFinder */ = {
			isa = PBXNativeTarget;
			buildConfigurationList = 75D65F1C14A66C1800B623E3 /* Build configuration list for PBXNativeTarget "FactorFinder" */;
			buildPhases = (
				75D65EFE14A66C1800B623E3 /* Sources */,
				75D65EFF14A66C1800B623E3 /* Frameworks */,
				75D65F0014A66C1800B623E3 /* Resources */,
			);
			buildRules = (
			);
			dependencies = (
			);
			name = FactorFinder;
			productName = FactorFinderApp;
			productReference = 75D65F0214A66C1800B623E3 /* FactorFinder.app */;
			productType = "com.apple.product-type.application";
		};
/* End PBXNativeTarget section */

/* Begin PBXProject section */
		7593B1D214A5298800034C96 /* Project object */ = {
			isa = PBXProject;
			attributes = {
				LastUpgradeCheck = 0420;
			};
			buildConfigurationList = 7593B1D514A5298800034C96 /* Build configuration list for PBXProject "FactorFinder" */;
			compatibilityVersion = "Xcode 3.2";
			developmentRegion = English;
			hasScannedForEncodings = 0;
			knownRegions = (
				en,
			);
			mainGroup = 7593B1D014A5298800034C96;
			productRefGroup = 7593B1DC14A5298800034C96 /* Products */;
			projectDirPath = "";
			projectRoot = "";
			targets = (
				7593B1DA14A5298800034C96 /* FactorSpotlight */,
				75D65F0114A66C1800B623E3 /* FactorFinder */,
			);
		};
/* End PBXProject section */

/* Begin PBXResourcesBuildPhase section */
		7593B1D914A5298800034C96 /* Resources */ = {
			isa = PBXResourcesBuildPhase;
			buildActionMask = 2147483647;
			files = (
				75E02D3E14ABA19700EF652B /* InfoPlist.strings in Resources */,
				75E02D3F14ABA19700EF652B /* schema.strings in Resources */,
				75E02D4714ABA19700EF652B /* schema.xml in Resources */,
			);
			runOnlyForDeploymentPostprocessing = 0;
		};
		75D65F0014A66C1800B623E3 /* Resources */ = {
			isa = PBXResourcesBuildPhase;
			buildActionMask = 2147483647;
			files = (
				75D65F0F14A66C1800B623E3 /* InfoPlist.strings in Resources */,
				75D65F1514A66C1800B623E3 /* Credits.rtf in Resources */,
				75D65F1B14A66C1800B623E3 /* MainMenu.xib in Resources */,
			);
			runOnlyForDeploymentPostprocessing = 0;
		};
/* End PBXResourcesBuildPhase section */

/* Begin PBXShellScriptBuildPhase section */
		751BBCB214AA99E9007CBEAB /* ShellScript */ = {
			isa = PBXShellScriptBuildPhase;
			buildActionMask = 2147483647;
			files = (
			);
			inputPaths = (
			);
			outputPaths = (
			);
			runOnlyForDeploymentPostprocessing = 0;
			shellPath = "/bin/bash ";
			shellScript = "set -x\nrm -fr $INSTALL_PATH/$TARGET_NAME.mdimporter\ncp -r $TARGET_BUILD_DIR/$TARGET_NAME.mdimporter  $INSTALL_PATH/\n#mdimport -d2 -g \"${BUILT_PRODUCTS_DIR}/${FULL_PRODUCT_NAME}\" \"${SRCROOT}/FactorSpotlight/test.factor\"\nmdimport -r \"${BUILT_PRODUCTS_DIR}/${FULL_PRODUCT_NAME}\"\nmdimport -d2 ${SRCROOT}/FactorSpotlight/test.factor\n";
		};
/* End PBXShellScriptBuildPhase section */

/* Begin PBXSourcesBuildPhase section */
		7593B1D714A5298800034C96 /* Sources */ = {
			isa = PBXSourcesBuildPhase;
			buildActionMask = 2147483647;
			files = (
				75E02D4014ABA19700EF652B /* extract.m in Sources */,
				75E02D4214ABA19700EF652B /* GetMetadataForFile.m in Sources */,
				75E02D4414ABA19700EF652B /* main.c in Sources */,
				75E02D4614ABA19700EF652B /* pms.m in Sources */,
				75E02D4914ABA19700EF652B /* test.m in Sources */,
			);
			runOnlyForDeploymentPostprocessing = 0;
		};
		75D65EFE14A66C1800B623E3 /* Sources */ = {
			isa = PBXSourcesBuildPhase;
			buildActionMask = 2147483647;
			files = (
				75D65F1814A66C1800B623E3 /* AppDelegate.m in Sources */,
			);
			runOnlyForDeploymentPostprocessing = 0;
		};
/* End PBXSourcesBuildPhase section */

/* Begin PBXVariantGroup section */
		75D65F0D14A66C1800B623E3 /* InfoPlist.strings */ = {
			isa = PBXVariantGroup;
			children = (
				75D65F0E14A66C1800B623E3 /* en */,
			);
			name = InfoPlist.strings;
			sourceTree = "<group>";
		};
		75D65F1314A66C1800B623E3 /* Credits.rtf */ = {
			isa = PBXVariantGroup;
			children = (
				75D65F1414A66C1800B623E3 /* en */,
			);
			name = Credits.rtf;
			sourceTree = "<group>";
		};
		75D65F1914A66C1800B623E3 /* MainMenu.xib */ = {
			isa = PBXVariantGroup;
			children = (
				75D65F1A14A66C1800B623E3 /* en */,
			);
			name = MainMenu.xib;
			sourceTree = "<group>";
		};
		75E02D2B14ABA19700EF652B /* InfoPlist.strings */ = {
			isa = PBXVariantGroup;
			children = (
				75E02D2C14ABA19700EF652B /* en */,
			);
			name = InfoPlist.strings;
			sourceTree = "<group>";
		};
		75E02D2D14ABA19700EF652B /* schema.strings */ = {
			isa = PBXVariantGroup;
			children = (
				75E02D2E14ABA19700EF652B /* en */,
			);
			name = schema.strings;
			sourceTree = "<group>";
		};
/* End PBXVariantGroup section */

/* Begin XCBuildConfiguration section */
		7593B1F514A5298800034C96 /* Debug */ = {
			isa = XCBuildConfiguration;
			buildSettings = {
				ALWAYS_SEARCH_USER_PATHS = NO;
				ARCHS = "$(ARCHS_STANDARD_32_64_BIT)";
				CLANG_ENABLE_OBJC_ARC = YES;
				COPY_PHASE_STRIP = NO;
				GCC_C_LANGUAGE_STANDARD = gnu99;
				GCC_DYNAMIC_NO_PIC = NO;
				GCC_ENABLE_OBJC_EXCEPTIONS = YES;
				GCC_OPTIMIZATION_LEVEL = 0;
				GCC_PREPROCESSOR_DEFINITIONS = (
					"DEBUG=1",
					"$(inherited)",
				);
				GCC_SYMBOLS_PRIVATE_EXTERN = NO;
				GCC_VERSION = com.apple.compilers.llvm.clang.1_0;
				GCC_WARN_64_TO_32_BIT_CONVERSION = YES;
				GCC_WARN_ABOUT_RETURN_TYPE = YES;
				MACOSX_DEPLOYMENT_TARGET = 10.6;
				SDKROOT = macosx10.6;
			};
			name = Debug;
		};
		7593B1F614A5298800034C96 /* Release */ = {
			isa = XCBuildConfiguration;
			buildSettings = {
				ALWAYS_SEARCH_USER_PATHS = NO;
				ARCHS = "$(ARCHS_STANDARD_32_64_BIT)";
				CLANG_ENABLE_OBJC_ARC = YES;
				COPY_PHASE_STRIP = YES;
				DEBUG_INFORMATION_FORMAT = "dwarf-with-dsym";
				GCC_C_LANGUAGE_STANDARD = gnu99;
				GCC_ENABLE_OBJC_EXCEPTIONS = YES;
				GCC_VERSION = com.apple.compilers.llvm.clang.1_0;
				GCC_WARN_64_TO_32_BIT_CONVERSION = YES;
				GCC_WARN_ABOUT_RETURN_TYPE = YES;
				MACOSX_DEPLOYMENT_TARGET = 10.6;
				SDKROOT = macosx10.6;
			};
			name = Release;
		};
		7593B1F814A5298800034C96 /* Debug */ = {
			isa = XCBuildConfiguration;
			buildSettings = {
				ALWAYS_SEARCH_USER_PATHS = YES;
				CLANG_ENABLE_OBJC_ARC = NO;
				GCC_PRECOMPILE_PREFIX_HEADER = YES;
				INFOPLIST_FILE = "FactorSpotlight/FactorSpotlight-Info.plist";
				INSTALL_PATH = "$(HOME)/Library/Spotlight";
				LIBRARY_STYLE = BUNDLE;
				PRODUCT_NAME = "$(TARGET_NAME)";
				SDKROOT = macosx10.6;
				SKIP_INSTALL = YES;
				WRAPPER_EXTENSION = mdimporter;
			};
			name = Debug;
		};
		7593B1F914A5298800034C96 /* Release */ = {
			isa = XCBuildConfiguration;
			buildSettings = {
				ALWAYS_SEARCH_USER_PATHS = YES;
				CLANG_ENABLE_OBJC_ARC = NO;
				GCC_PRECOMPILE_PREFIX_HEADER = YES;
				INFOPLIST_FILE = "FactorSpotlight/FactorSpotlight-Info.plist";
				INSTALL_PATH = "$(HOME)/Library/Spotlight";
				LIBRARY_STYLE = BUNDLE;
				PRODUCT_NAME = "$(TARGET_NAME)";
				SDKROOT = macosx10.6;
				SKIP_INSTALL = YES;
				WRAPPER_EXTENSION = mdimporter;
			};
			name = Release;
		};
		75D65F1D14A66C1800B623E3 /* Debug */ = {
			isa = XCBuildConfiguration;
			buildSettings = {
				CLANG_ENABLE_OBJC_ARC = NO;
				GCC_PRECOMPILE_PREFIX_HEADER = YES;
				GCC_PREFIX_HEADER = "FactorFinderApp/FactorFinder-Prefix.pch";
				INFOPLIST_FILE = "FactorFinderApp/FactorFinder-Info.plist";
				PRODUCT_NAME = "$(TARGET_NAME)";
				WRAPPER_EXTENSION = app;
			};
			name = Debug;
		};
		75D65F1E14A66C1800B623E3 /* Release */ = {
			isa = XCBuildConfiguration;
			buildSettings = {
				CLANG_ENABLE_OBJC_ARC = NO;
				GCC_PRECOMPILE_PREFIX_HEADER = YES;
				GCC_PREFIX_HEADER = "FactorFinderApp/FactorFinder-Prefix.pch";
				INFOPLIST_FILE = "FactorFinderApp/FactorFinder-Info.plist";
				PRODUCT_NAME = "$(TARGET_NAME)";
				WRAPPER_EXTENSION = app;
			};
			name = Release;
		};
/* End XCBuildConfiguration section */

/* Begin XCConfigurationList section */
		7593B1D514A5298800034C96 /* Build configuration list for PBXProject "FactorFinder" */ = {
			isa = XCConfigurationList;
			buildConfigurations = (
				7593B1F514A5298800034C96 /* Debug */,
				7593B1F614A5298800034C96 /* Release */,
			);
			defaultConfigurationIsVisible = 0;
			defaultConfigurationName = Release;
		};
		7593B1F714A5298800034C96 /* Build configuration list for PBXNativeTarget "FactorSpotlight" */ = {
			isa = XCConfigurationList;
			buildConfigurations = (
				7593B1F814A5298800034C96 /* Debug */,
				7593B1F914A5298800034C96 /* Release */,
			);
			defaultConfigurationIsVisible = 0;
			defaultConfigurationName = Release;
		};
		75D65F1C14A66C1800B623E3 /* Build configuration list for PBXNativeTarget "FactorFinder" */ = {
			isa = XCConfigurationList;
			buildConfigurations = (
				75D65F1D14A66C1800B623E3 /* Debug */,
				75D65F1E14A66C1800B623E3 /* Release */,
			);
			defaultConfigurationIsVisible = 0;
			defaultConfigurationName = Release;
		};
/* End XCConfigurationList section */
	};
	rootObject = 7593B1D214A5298800034C96 /* Project object */;
}
